github.com/beevik/etree v1.7.0 h1:xjBk9O4p4x7D1YajePjfLzdaFC4/uYUENA7P0pv6gXA=
github.com/beevik/etree v1.7.0/go.mod h1:bh4zJxiIr62SOf9pRzN7UUYaEDa9HEKafK25+sLc0Gc=
github.com/digitorus/pdf v0.1.2 h1:RjYEJNbiV6Kcn8QzRi6pwHuOaSieUUrg4EZo4b7KuIQ=
github.com/digitorus/pdf v0.1.2/go.mod h1:05fDDJhPswBRM7GTfqCxNiDyeNcN0f+IobfOAl5pdXw=
github.com/digitorus/pdfsign v0.9.0 h1:c6MuVoLMtJCBNUV1k8Sms8kOg1gj30CMrgVrcmctyfs=
github.com/digitorus/pdfsign v0.9.0/go.mod h1:fr3WVvXB7KiCvgxZP87v/lYcIGonw1J5/8Dc3tL+oyU=
github.com/digitorus/pkcs7 v0.0.0-20230713084857-e76b763bdc49/go.mod h1:SKVExuS+vpu2l9IoOc0RwqE7NYnb0JlcFHFnEJkVDzc=
github.com/digitorus/pkcs7 v0.0.0-20230818184609-3a137a874352 h1:ge14PCmCvPjpMQMIAH7uKg0lrtNSOdpYsRXlwk3QbaE=
github.com/digitorus/pkcs7 v0.0.0-20230818184609-3a137a874352/go.mod h1:SKVExuS+vpu2l9IoOc0RwqE7NYnb0JlcFHFnEJkVDzc=
github.com/digitorus/timestamp v0.0.0-20231217203849-220c5c2851b7 h1:lxmTCgmHE1GUYL7P0MlNa00M67axePTq+9nBSGddR8I=
github.com/digitorus/timestamp v0.0.0-20231217203849-220c5c2851b7/go.mod h1:GvWntX9qiTlOud0WkQ6ewFm0LPy5JUR1Xo0Ngbd1w6Y=
github.com/mattetti/filebuffer v1.0.1 h1:gG7pyfnSIZCxdoKq+cPa8T0hhYtD9NxCdI4D7PTjRLM=
github.com/mattetti/filebuffer v1.0.1/go.mod h1:YdMURNDOttIiruleeVr6f56OrMc+MydEnTcXwtkxNVs=
github.com/ncanode-kz/gokalkan v0.0.0-20260820180205-f5135240ca6b h1:aOUwu3llbSBLAQShSIm1BatuVqIxDVJYQQl4bCL6o6I=
github.com/ncanode-kz/gokalkan v0.0.0-20260820180205-f5135240ca6b/go.mod h1:NuJbBYOKqOPgQEsnNPx23TeDF81hapMWTbDFYMOk0v0=
golang.org/x/crypto v0.53.0 h1:QZ4Muo8THX6CizN2vPPd5fBGHyogrdK9fG4wLPFUsto=
golang.org/x/crypto v0.53.0/go.mod h1:DNLU434OwVakk9PzuwV8w62mAJpRJL3vsgcfp4Qnsio=
golang.org/x/text v0.38.0 h1:sXmwo9DwP3OK9EZ7PqAdaooSGozfl/3a6/xJcbzPRhE=
golang.org/x/text v0.38.0/go.mod h1:YXZt3QhHUKYT53r2lLKFIVi6Ao1jdzrTR/KQ09qyxF4=
